
Microsoft Visual Studio Solution File, Format Version 12.00
# Visual Studio Version 16
VisualStudioVersion = 16.0.31112.23
MinimumVisualStudioVersion = 10.0.40219.1
Project("{9A19103F-16F7-4668-BE54-9A1E7A4F7556}") = "HomeTreatment.Web", "HomeTreatment\HomeTreatment.Web.csproj", "{2E8F4F1D-D43B-49E4-AFB8-D3A1EE664BF0}"
EndProject
Project("{9A19103F-16F7-4668-BE54-9A1E7A4F7556}") = "HomeTreatment.Data", "HomeTreatment.Data\HomeTreatment.Data.csproj", "{9A2A0C7E-EF7A-42EF-9A77-9E4495E24CE8}"
EndProject
Project("{FAE04EC0-301F-11D3-BF4B-00C04F79EFBC}") = "HomeTreatment.Business", "HomeTreatment.Business\HomeTreatment.Business.csproj", "{E0A85829-E874-4E9A-AF02-AC3415947097}"
EndProject
Global
	GlobalSection(SolutionConfigurationPlatforms) = preSolution
		Debug|Any CPU = Debug|Any CPU
		Release|Any CPU = Release|Any CPU
	EndGlobalSection
	GlobalSection(ProjectConfigurationPlatforms) = postSolution
		{2E8F4F1D-D43B-49E4-AFB8-D3A1EE664BF0}.Debug|Any CPU.ActiveCfg = Debug|Any CPU
		{2E8F4F1D-D43B-49E4-AFB8-D3A1EE664BF0}.Debug|Any CPU.Build.0 = Debug|Any CPU
		{2E8F4F1D-D43B-49E4-AFB8-D3A1EE664BF0}.Release|Any CPU.ActiveCfg = Release|Any CPU
		{2E8F4F1D-D43B-49E4-AFB8-D3A1EE664BF0}.Release|Any CPU.Build.0 = Release|Any CPU
		{9A2A0C7E-EF7A-42EF-9A77-9E4495E24CE8}.Debug|Any CPU.ActiveCfg = Debug|Any CPU
		{9A2A0C7E-EF7A-42EF-9A77-9E4495E24CE8}.Debug|Any CPU.Build.0 = Debug|Any CPU
		{9A2A0C7E-EF7A-42EF-9A77-9E4495E24CE8}.Release|Any CPU.ActiveCfg = Release|Any CPU
		{9A2A0C7E-EF7A-42EF-9A77-9E4495E24CE8}.Release|Any CPU.Build.0 = Release|Any CPU
		{E0A85829-E874-4E9A-AF02-AC3415947097}.Debug|Any CPU.ActiveCfg = Debug|Any CPU
		{E0A85829-E874-4E9A-AF02-AC3415947097}.Debug|Any CPU.Build.0 = Debug|Any CPU
		{E0A85829-E874-4E9A-AF02-AC3415947097}.Release|Any CPU.ActiveCfg = Release|Any CPU
		{E0A85829-E874-4E9A-AF02-AC3415947097}.Release|Any CPU.Build.0 = Release|Any CPU
	EndGlobalSection
	GlobalSection(SolutionProperties) = preSolution
		HideSolutionNode = FALSE
	EndGlobalSection
	GlobalSection(ExtensibilityGlobals) = postSolution
		SolutionGuid = {D478397C-FE4C-4CA1-9ECD-836D0EB2A9B4}
	EndGlobalSection
EndGlobal
